
Microsoft Visual Studio Solution File, Format Version 12.00
# Visual Studio Version 17
VisualStudioVersion = 17.0.31903.59
MinimumVisualStudioVersion = 10.0.40219.1
Project("{2150E333-8FDC-42A3-9474-1A3956D46DE8}") = "src", "src", "{827E0CD3-B72D-47B6-A68D-7590B98EB39B}"
EndProject
Project("{2150E333-8FDC-42A3-9474-1A3956D46DE8}") = "ServiceBusCli.Core", "ServiceBusCli.Core", "{35007C65-1636-15B1-65C6-27EB95F8E443}"
EndProject
Project("{FAE04EC0-301F-11D3-BF4B-00C04F79EFBC}") = "ServiceBusCli.Core", "src\ServiceBusCli.Core\ServiceBusCli.Core\ServiceBusCli.Core.csproj", "{DCB7465C-F581-44FE-874D-19D4961047D6}"
EndProject
Project("{2150E333-8FDC-42A3-9474-1A3956D46DE8}") = "ServiceBusCli", "ServiceBusCli", "{4930AF6A-0464-2786-992D-B23E2A008EDF}"
EndProject
Project("{FAE04EC0-301F-11D3-BF4B-00C04F79EFBC}") = "ServiceBusCli", "src\ServiceBusCli\ServiceBusCli\ServiceBusCli.csproj", "{FB1EE61C-D04E-451F-B93A-1982E0CB24A0}"
EndProject
Project("{2150E333-8FDC-42A3-9474-1A3956D46DE8}") = "tests", "tests", "{0AB3BF05-4346-4AA6-1389-037BE0695223}"
EndProject
Project("{2150E333-8FDC-42A3-9474-1A3956D46DE8}") = "ServiceBusCli.Core.Tests", "ServiceBusCli.Core.Tests", "{12997C64-AFD5-6B83-1FD9-13E82B627A70}"
EndProject
Project("{FAE04EC0-301F-11D3-BF4B-00C04F79EFBC}") = "ServiceBusCli.Core.Tests", "tests\ServiceBusCli.Core.Tests\ServiceBusCli.Core.Tests\ServiceBusCli.Core.Tests.csproj", "{0884095B-E1E6-4B17-A38A-D313027CA7C5}"
EndProject
Project("{2150E333-8FDC-42A3-9474-1A3956D46DE8}") = "ServiceBusCli.Tests", "ServiceBusCli.Tests", "{438464EA-7FAA-873E-8071-2EB57B9FF5EE}"
EndProject
Project("{FAE04EC0-301F-11D3-BF4B-00C04F79EFBC}") = "ServiceBusCli.Tests", "tests\ServiceBusCli.Tests\ServiceBusCli.Tests\ServiceBusCli.Tests.csproj", "{9F20D40F-145C-4F7A-8910-01C02DDF70E3}"
EndProject
Global
	GlobalSection(SolutionConfigurationPlatforms) = preSolution
		Debug|Any CPU = Debug|Any CPU
		Debug|x64 = Debug|x64
		Debug|x86 = Debug|x86
		Release|Any CPU = Release|Any CPU
		Release|x64 = Release|x64
		Release|x86 = Release|x86
	EndGlobalSection
	GlobalSection(ProjectConfigurationPlatforms) = postSolution
		{DCB7465C-F581-44FE-874D-19D4961047D6}.Debug|Any CPU.ActiveCfg = Debug|Any CPU
		{DCB7465C-F581-44FE-874D-19D4961047D6}.Debug|Any CPU.Build.0 = Debug|Any CPU
		{DCB7465C-F581-44FE-874D-19D4961047D6}.Debug|x64.ActiveCfg = Debug|Any CPU
		{DCB7465C-F581-44FE-874D-19D4961047D6}.Debug|x64.Build.0 = Debug|Any CPU
		{DCB7465C-F581-44FE-874D-19D4961047D6}.Debug|x86.ActiveCfg = Debug|Any CPU
		{DCB7465C-F581-44FE-874D-19D4961047D6}.Debug|x86.Build.0 = Debug|Any CPU
		{DCB7465C-F581-44FE-874D-19D4961047D6}.Release|Any CPU.ActiveCfg = Release|Any CPU
		{DCB7465C-F581-44FE-874D-19D4961047D6}.Release|Any CPU.Build.0 = Release|Any CPU
		{DCB7465C-F581-44FE-874D-19D4961047D6}.Release|x64.ActiveCfg = Release|Any CPU
		{DCB7465C-F581-44FE-874D-19D4961047D6}.Release|x64.Build.0 = Release|Any CPU
		{DCB7465C-F581-44FE-874D-19D4961047D6}.Release|x86.ActiveCfg = Release|Any CPU
		{DCB7465C-F581-44FE-874D-19D4961047D6}.Release|x86.Build.0 = Release|Any CPU
		{FB1EE61C-D04E-451F-B93A-1982E0CB24A0}.Debug|Any CPU.ActiveCfg = Debug|Any CPU
		{FB1EE61C-D04E-451F-B93A-1982E0CB24A0}.Debug|Any CPU.Build.0 = Debug|Any CPU
		{FB1EE61C-D04E-451F-B93A-1982E0CB24A0}.Debug|x64.ActiveCfg = Debug|Any CPU
		{FB1EE61C-D04E-451F-B93A-1982E0CB24A0}.Debug|x64.Build.0 = Debug|Any CPU
		{FB1EE61C-D04E-451F-B93A-1982E0CB24A0}.Debug|x86.ActiveCfg = Debug|Any CPU
		{FB1EE61C-D04E-451F-B93A-1982E0CB24A0}.Debug|x86.Build.0 = Debug|Any CPU
		{FB1EE61C-D04E-451F-B93A-1982E0CB24A0}.Release|Any CPU.ActiveCfg = Release|Any CPU
		{FB1EE61C-D04E-451F-B93A-1982E0CB24A0}.Release|Any CPU.Build.0 = Release|Any CPU
		{FB1EE61C-D04E-451F-B93A-1982E0CB24A0}.Release|x64.ActiveCfg = Release|Any CPU
		{FB1EE61C-D04E-451F-B93A-1982E0CB24A0}.Release|x64.Build.0 = Release|Any CPU
		{FB1EE61C-D04E-451F-B93A-1982E0CB24A0}.Release|x86.ActiveCfg = Release|Any CPU
		{FB1EE61C-D04E-451F-B93A-1982E0CB24A0}.Release|x86.Build.0 = Release|Any CPU
		{0884095B-E1E6-4B17-A38A-D313027CA7C5}.Debug|Any CPU.ActiveCfg = Debug|Any CPU
		{0884095B-E1E6-4B17-A38A-D313027CA7C5}.Debug|Any CPU.Build.0 = Debug|Any CPU
		{0884095B-E1E6-4B17-A38A-D313027CA7C5}.Debug|x64.ActiveCfg = Debug|Any CPU
		{0884095B-E1E6-4B17-A38A-D313027CA7C5}.Debug|x64.Build.0 = Debug|Any CPU
		{0884095B-E1E6-4B17-A38A-D313027CA7C5}.Debug|x86.ActiveCfg = Debug|Any CPU
		{0884095B-E1E6-4B17-A38A-D313027CA7C5}.Debug|x86.Build.0 = Debug|Any CPU
		{0884095B-E1E6-4B17-A38A-D313027CA7C5}.Release|Any CPU.ActiveCfg = Release|Any CPU
		{0884095B-E1E6-4B17-A38A-D313027CA7C5}.Release|Any CPU.Build.0 = Release|Any CPU
		{0884095B-E1E6-4B17-A38A-D313027CA7C5}.Release|x64.ActiveCfg = Release|Any CPU
		{0884095B-E1E6-4B17-A38A-D313027CA7C5}.Release|x64.Build.0 = Release|Any CPU
		{0884095B-E1E6-4B17-A38A-D313027CA7C5}.Release|x86.ActiveCfg = Release|Any CPU
		{0884095B-E1E6-4B17-A38A-D313027CA7C5}.Release|x86.Build.0 = Release|Any CPU
		{9F20D40F-145C-4F7A-8910-01C02DDF70E3}.Debug|Any CPU.ActiveCfg = Debug|Any CPU
		{9F20D40F-145C-4F7A-8910-01C02DDF70E3}.Debug|Any CPU.Build.0 = Debug|Any CPU
		{9F20D40F-145C-4F7A-8910-01C02DDF70E3}.Debug|x64.ActiveCfg = Debug|Any CPU
		{9F20D40F-145C-4F7A-8910-01C02DDF70E3}.Debug|x64.Build.0 = Debug|Any CPU
		{9F20D40F-145C-4F7A-8910-01C02DDF70E3}.Debug|x86.ActiveCfg = Debug|Any CPU
		{9F20D40F-145C-4F7A-8910-01C02DDF70E3}.Debug|x86.Build.0 = Debug|Any CPU
		{9F20D40F-145C-4F7A-8910-01C02DDF70E3}.Release|Any CPU.ActiveCfg = Release|Any CPU
		{9F20D40F-145C-4F7A-8910-01C02DDF70E3}.Release|Any CPU.Build.0 = Release|Any CPU
		{9F20D40F-145C-4F7A-8910-01C02DDF70E3}.Release|x64.ActiveCfg = Release|Any CPU
		{9F20D40F-145C-4F7A-8910-01C02DDF70E3}.Release|x64.Build.0 = Release|Any CPU
		{9F20D40F-145C-4F7A-8910-01C02DDF70E3}.Release|x86.ActiveCfg = Release|Any CPU
		{9F20D40F-145C-4F7A-8910-01C02DDF70E3}.Release|x86.Build.0 = Release|Any CPU
	EndGlobalSection
	GlobalSection(SolutionProperties) = preSolution
		HideSolutionNode = FALSE
	EndGlobalSection
	GlobalSection(NestedProjects) = preSolution
		{35007C65-1636-15B1-65C6-27EB95F8E443} = {827E0CD3-B72D-47B6-A68D-7590B98EB39B}
		{DCB7465C-F581-44FE-874D-19D4961047D6} = {35007C65-1636-15B1-65C6-27EB95F8E443}
		{4930AF6A-0464-2786-992D-B23E2A008EDF} = {827E0CD3-B72D-47B6-A68D-7590B98EB39B}
		{FB1EE61C-D04E-451F-B93A-1982E0CB24A0} = {4930AF6A-0464-2786-992D-B23E2A008EDF}
		{12997C64-AFD5-6B83-1FD9-13E82B627A70} = {0AB3BF05-4346-4AA6-1389-037BE0695223}
		{0884095B-E1E6-4B17-A38A-D313027CA7C5} = {12997C64-AFD5-6B83-1FD9-13E82B627A70}
		{438464EA-7FAA-873E-8071-2EB57B9FF5EE} = {0AB3BF05-4346-4AA6-1389-037BE0695223}
		{9F20D40F-145C-4F7A-8910-01C02DDF70E3} = {438464EA-7FAA-873E-8071-2EB57B9FF5EE}
	EndGlobalSection
EndGlobal
